
Microsoft Visual Studio Solution File, Format Version 12.00
# Visual Studio Version 17
VisualStudioVersion = 17.14.36811.4
MinimumVisualStudioVersion = 10.0.40219.1
Project("{FAE04EC0-301F-11D3-BF4B-00C04F79EFBC}") = "Yggdrassil.Domain", "Yggdrassil.Domain\Yggdrassil.Domain.csproj", "{89E60E27-D842-4B28-81FA-1A10D78F4384}"
EndProject
Project("{FAE04EC0-301F-11D3-BF4B-00C04F79EFBC}") = "Yggdrassil.Application", "Yggdrassil.Application\Yggdrassil.Application.csproj", "{BFCDCF45-5D42-46E9-BBD5-219916501969}"
EndProject
Project("{FAE04EC0-301F-11D3-BF4B-00C04F79EFBC}") = "Yggdrassil.Infrastructure", "Yggdrassil.Infrastructure\Yggdrassil.Infrastructure.csproj", "{1ED698E3-32DD-4551-9691-F6122D259877}"
EndProject
Project("{FAE04EC0-301F-11D3-BF4B-00C04F79EFBC}") = "Yggdrassil.Cli", "Yggdrassil.Cli\Yggdrassil.Cli.csproj", "{53457F63-ABD1-435B-8E98-9C543E4AF2EF}"
EndProject
Project("{FAE04EC0-301F-11D3-BF4B-00C04F79EFBC}") = "Yggdrassil.Presentation", "Yggdrassil.Presentation\Yggdrassil.Presentation.csproj", "{E5B27C2E-A96B-4182-BF9A-C648B2613ACC}"
EndProject
Project("{FAE04EC0-301F-11D3-BF4B-00C04F79EFBC}") = "Yggdrassil.Renderer", "Yggdrassil.Bridge\Yggdrassil.Renderer.csproj", "{F772E5B6-AFD9-4FE1-B466-642F374A784A}"
EndProject
Project("{FAE04EC0-301F-11D3-BF4B-00C04F79EFBC}") = "Yggdrassil.Types", "Yggdrassil.Types\Yggdrassil.Types.csproj", "{1037203F-E178-46EC-9212-84EEB3C86305}"
EndProject
Global
	GlobalSection(SolutionConfigurationPlatforms) = preSolution
		Debug|Any CPU = Debug|Any CPU
		Debug|x64 = Debug|x64
		Debug|x86 = Debug|x86
		Release|Any CPU = Release|Any CPU
		Release|x64 = Release|x64
		Release|x86 = Release|x86
	EndGlobalSection
	GlobalSection(ProjectConfigurationPlatforms) = postSolution
		{89E60E27-D842-4B28-81FA-1A10D78F4384}.Debug|Any CPU.ActiveCfg = Debug|Any CPU
		{89E60E27-D842-4B28-81FA-1A10D78F4384}.Debug|Any CPU.Build.0 = Debug|Any CPU
		{89E60E27-D842-4B28-81FA-1A10D78F4384}.Debug|x64.ActiveCfg = Debug|Any CPU
		{89E60E27-D842-4B28-81FA-1A10D78F4384}.Debug|x64.Build.0 = Debug|Any CPU
		{89E60E27-D842-4B28-81FA-1A10D78F4384}.Debug|x86.ActiveCfg = Debug|Any CPU
		{89E60E27-D842-4B28-81FA-1A10D78F4384}.Debug|x86.Build.0 = Debug|Any CPU
		{89E60E27-D842-4B28-81FA-1A10D78F4384}.Release|Any CPU.ActiveCfg = Release|Any CPU
		{89E60E27-D842-4B28-81FA-1A10D78F4384}.Release|Any CPU.Build.0 = Release|Any CPU
		{89E60E27-D842-4B28-81FA-1A10D78F4384}.Release|x64.ActiveCfg = Release|Any CPU
		{89E60E27-D842-4B28-81FA-1A10D78F4384}.Release|x64.Build.0 = Release|Any CPU
		{89E60E27-D842-4B28-81FA-1A10D78F4384}.Release|x86.ActiveCfg = Release|Any CPU
		{89E60E27-D842-4B28-81FA-1A10D78F4384}.Release|x86.Build.0 = Release|Any CPU
		{BFCDCF45-5D42-46E9-BBD5-219916501969}.Debug|Any CPU.ActiveCfg = Debug|Any CPU
		{BFCDCF45-5D42-46E9-BBD5-219916501969}.Debug|Any CPU.Build.0 = Debug|Any CPU
		{BFCDCF45-5D42-46E9-BBD5-219916501969}.Debug|x64.ActiveCfg = Debug|Any CPU
		{BFCDCF45-5D42-46E9-BBD5-219916501969}.Debug|x64.Build.0 = Debug|Any CPU
		{BFCDCF45-5D42-46E9-BBD5-219916501969}.Debug|x86.ActiveCfg = Debug|Any CPU
		{BFCDCF45-5D42-46E9-BBD5-219916501969}.Debug|x86.Build.0 = Debug|Any CPU
		{BFCDCF45-5D42-46E9-BBD5-219916501969}.Release|Any CPU.ActiveCfg = Release|Any CPU
		{BFCDCF45-5D42-46E9-BBD5-219916501969}.Release|Any CPU.Build.0 = Release|Any CPU
		{BFCDCF45-5D42-46E9-BBD5-219916501969}.Release|x64.ActiveCfg = Release|Any CPU
		{BFCDCF45-5D42-46E9-BBD5-219916501969}.Release|x64.Build.0 = Release|Any CPU
		{BFCDCF45-5D42-46E9-BBD5-219916501969}.Release|x86.ActiveCfg = Release|Any CPU
		{BFCDCF45-5D42-46E9-BBD5-219916501969}.Release|x86.Build.0 = Release|Any CPU
		{1ED698E3-32DD-4551-9691-F6122D259877}.Debug|Any CPU.ActiveCfg = Debug|Any CPU
		{1ED698E3-32DD-4551-9691-F6122D259877}.Debug|Any CPU.Build.0 = Debug|Any CPU
		{1ED698E3-32DD-4551-9691-F6122D259877}.Debug|x64.ActiveCfg = Debug|Any CPU
		{1ED698E3-32DD-4551-9691-F6122D259877}.Debug|x64.Build.0 = Debug|Any CPU
		{1ED698E3-32DD-4551-9691-F6122D259877}.Debug|x86.ActiveCfg = Debug|Any CPU
		{1ED698E3-32DD-4551-9691-F6122D259877}.Debug|x86.Build.0 = Debug|Any CPU
		{1ED698E3-32DD-4551-9691-F6122D259877}.Release|Any CPU.ActiveCfg = Release|Any CPU
		{1ED698E3-32DD-4551-9691-F6122D259877}.Release|Any CPU.Build.0 = Release|Any CPU
		{1ED698E3-32DD-4551-9691-F6122D259877}.Release|x64.ActiveCfg = Release|Any CPU
		{1ED698E3-32DD-4551-9691-F6122D259877}.Release|x64.Build.0 = Release|Any CPU
		{1ED698E3-32DD-4551-9691-F6122D259877}.Release|x86.ActiveCfg = Release|Any CPU
		{1ED698E3-32DD-4551-9691-F6122D259877}.Release|x86.Build.0 = Release|Any CPU
		{53457F63-ABD1-435B-8E98-9C543E4AF2EF}.Debug|Any CPU.ActiveCfg = Debug|Any CPU
		{53457F63-ABD1-435B-8E98-9C543E4AF2EF}.Debug|Any CPU.Build.0 = Debug|Any CPU
		{53457F63-ABD1-435B-8E98-9C543E4AF2EF}.Debug|x64.ActiveCfg = Debug|Any CPU
		{53457F63-ABD1-435B-8E98-9C543E4AF2EF}.Debug|x64.Build.0 = Debug|Any CPU
		{53457F63-ABD1-435B-8E98-9C543E4AF2EF}.Debug|x86.ActiveCfg = Debug|Any CPU
		{53457F63-ABD1-435B-8E98-9C543E4AF2EF}.Debug|x86.Build.0 = Debug|Any CPU
		{53457F63-ABD1-435B-8E98-9C543E4AF2EF}.Release|Any CPU.ActiveCfg = Release|Any CPU
		{53457F63-ABD1-435B-8E98-9C543E4AF2EF}.Release|Any CPU.Build.0 = Release|Any CPU
		{53457F63-ABD1-435B-8E98-9C543E4AF2EF}.Release|x64.ActiveCfg = Release|Any CPU
		{53457F63-ABD1-435B-8E98-9C543E4AF2EF}.Release|x64.Build.0 = Release|Any CPU
		{53457F63-ABD1-435B-8E98-9C543E4AF2EF}.Release|x86.ActiveCfg = Release|Any CPU
		{53457F63-ABD1-435B-8E98-9C543E4AF2EF}.Release|x86.Build.0 = Release|Any CPU
		{E5B27C2E-A96B-4182-BF9A-C648B2613ACC}.Debug|Any CPU.ActiveCfg = Debug|x64
		{E5B27C2E-A96B-4182-BF9A-C648B2613ACC}.Debug|Any CPU.Build.0 = Debug|x64
		{E5B27C2E-A96B-4182-BF9A-C648B2613ACC}.Debug|Any CPU.Deploy.0 = Debug|x64
		{E5B27C2E-A96B-4182-BF9A-C648B2613ACC}.Debug|x64.ActiveCfg = Debug|Any CPU
		{E5B27C2E-A96B-4182-BF9A-C648B2613ACC}.Debug|x64.Build.0 = Debug|Any CPU
		{E5B27C2E-A96B-4182-BF9A-C648B2613ACC}.Debug|x86.ActiveCfg = Debug|Any CPU
		{E5B27C2E-A96B-4182-BF9A-C648B2613ACC}.Debug|x86.Build.0 = Debug|Any CPU
		{E5B27C2E-A96B-4182-BF9A-C648B2613ACC}.Release|Any CPU.ActiveCfg = Release|x64
		{E5B27C2E-A96B-4182-BF9A-C648B2613ACC}.Release|Any CPU.Build.0 = Release|x64
		{E5B27C2E-A96B-4182-BF9A-C648B2613ACC}.Release|Any CPU.Deploy.0 = Release|x64
		{E5B27C2E-A96B-4182-BF9A-C648B2613ACC}.Release|x64.ActiveCfg = Release|Any CPU
		{E5B27C2E-A96B-4182-BF9A-C648B2613ACC}.Release|x64.Build.0 = Release|Any CPU
		{E5B27C2E-A96B-4182-BF9A-C648B2613ACC}.Release|x86.ActiveCfg = Release|Any CPU
		{E5B27C2E-A96B-4182-BF9A-C648B2613ACC}.Release|x86.Build.0 = Release|Any CPU
		{F772E5B6-AFD9-4FE1-B466-642F374A784A}.Debug|Any CPU.ActiveCfg = Debug|Any CPU
		{F772E5B6-AFD9-4FE1-B466-642F374A784A}.Debug|Any CPU.Build.0 = Debug|Any CPU
		{F772E5B6-AFD9-4FE1-B466-642F374A784A}.Debug|x64.ActiveCfg = Debug|Any CPU
		{F772E5B6-AFD9-4FE1-B466-642F374A784A}.Debug|x64.Build.0 = Debug|Any CPU
		{F772E5B6-AFD9-4FE1-B466-642F374A784A}.Debug|x86.ActiveCfg = Debug|Any CPU
		{F772E5B6-AFD9-4FE1-B466-642F374A784A}.Debug|x86.Build.0 = Debug|Any CPU
		{F772E5B6-AFD9-4FE1-B466-642F374A784A}.Release|Any CPU.ActiveCfg = Release|Any CPU
		{F772E5B6-AFD9-4FE1-B466-642F374A784A}.Release|Any CPU.Build.0 = Release|Any CPU
		{F772E5B6-AFD9-4FE1-B466-642F374A784A}.Release|x64.ActiveCfg = Release|Any CPU
		{F772E5B6-AFD9-4FE1-B466-642F374A784A}.Release|x64.Build.0 = Release|Any CPU
		{F772E5B6-AFD9-4FE1-B466-642F374A784A}.Release|x86.ActiveCfg = Release|Any CPU
		{F772E5B6-AFD9-4FE1-B466-642F374A784A}.Release|x86.Build.0 = Release|Any CPU
		{1037203F-E178-46EC-9212-84EEB3C86305}.Debug|Any CPU.ActiveCfg = Debug|Any CPU
		{1037203F-E178-46EC-9212-84EEB3C86305}.Debug|Any CPU.Build.0 = Debug|Any CPU
		{1037203F-E178-46EC-9212-84EEB3C86305}.Debug|x64.ActiveCfg = Debug|Any CPU
		{1037203F-E178-46EC-9212-84EEB3C86305}.Debug|x64.Build.0 = Debug|Any CPU
		{1037203F-E178-46EC-9212-84EEB3C86305}.Debug|x86.ActiveCfg = Debug|Any CPU
		{1037203F-E178-46EC-9212-84EEB3C86305}.Debug|x86.Build.0 = Debug|Any CPU
		{1037203F-E178-46EC-9212-84EEB3C86305}.Release|Any CPU.ActiveCfg = Release|Any CPU
		{1037203F-E178-46EC-9212-84EEB3C86305}.Release|Any CPU.Build.0 = Release|Any CPU
		{1037203F-E178-46EC-9212-84EEB3C86305}.Release|x64.ActiveCfg = Release|Any CPU
		{1037203F-E178-46EC-9212-84EEB3C86305}.Release|x64.Build.0 = Release|Any CPU
		{1037203F-E178-46EC-9212-84EEB3C86305}.Release|x86.ActiveCfg = Release|Any CPU
		{1037203F-E178-46EC-9212-84EEB3C86305}.Release|x86.Build.0 = Release|Any CPU
	EndGlobalSection
	GlobalSection(SolutionProperties) = preSolution
		HideSolutionNode = FALSE
	EndGlobalSection
	GlobalSection(ExtensibilityGlobals) = postSolution
		SolutionGuid = {9C7A6D66-5B9B-40F4-88E1-70AE4B946C13}
	EndGlobalSection
EndGlobal
